
Microsoft Visual Studio Solution File, Format Version 12.00
# Visual Studio Version 17
VisualStudioVersion = 17.10.34814.14
MinimumVisualStudioVersion = 10.0.40219.1
Project("{9A19103F-16F7-4668-BE54-9A1E7A4F7556}") = "Webmvc", "Webmvc.csproj", "{62B7D635-2E78-4F5E-A8F2-8D87FBE3CC44}"
EndProject
Project("{9A19103F-16F7-4668-BE54-9A1E7A4F7556}") = "WebApi", "..\WebApi\WebApi.csproj", "{2FC47472-AF57-4597-8B7F-918219A6711C}"
EndProject
Project("{FAE04EC0-301F-11D3-BF4B-00C04F79EFBC}") = "WebApiConnectedMvc", "..\WebApiConnectedMvc\WebApiConnectedMvc.csproj", "{AEA16D40-6A38-4D4F-B884-9BB7B7CA97ED}"
EndProject
Global
	GlobalSection(SolutionConfigurationPlatforms) = preSolution
		Debug|Any CPU = Debug|Any CPU
		Release|Any CPU = Release|Any CPU
	EndGlobalSection
	GlobalSection(ProjectConfigurationPlatforms) = postSolution
		{62B7D635-2E78-4F5E-A8F2-8D87FBE3CC44}.Debug|Any CPU.ActiveCfg = Debug|Any CPU
		{62B7D635-2E78-4F5E-A8F2-8D87FBE3CC44}.Debug|Any CPU.Build.0 = Debug|Any CPU
		{62B7D635-2E78-4F5E-A8F2-8D87FBE3CC44}.Release|Any CPU.ActiveCfg = Release|Any CPU
		{62B7D635-2E78-4F5E-A8F2-8D87FBE3CC44}.Release|Any CPU.Build.0 = Release|Any CPU
		{2FC47472-AF57-4597-8B7F-918219A6711C}.Debug|Any CPU.ActiveCfg = Debug|Any CPU
		{2FC47472-AF57-4597-8B7F-918219A6711C}.Debug|Any CPU.Build.0 = Debug|Any CPU
		{2FC47472-AF57-4597-8B7F-918219A6711C}.Release|Any CPU.ActiveCfg = Release|Any CPU
		{2FC47472-AF57-4597-8B7F-918219A6711C}.Release|Any CPU.Build.0 = Release|Any CPU
		{AEA16D40-6A38-4D4F-B884-9BB7B7CA97ED}.Debug|Any CPU.ActiveCfg = Debug|Any CPU
		{AEA16D40-6A38-4D4F-B884-9BB7B7CA97ED}.Debug|Any CPU.Build.0 = Debug|Any CPU
		{AEA16D40-6A38-4D4F-B884-9BB7B7CA97ED}.Release|Any CPU.ActiveCfg = Release|Any CPU
		{AEA16D40-6A38-4D4F-B884-9BB7B7CA97ED}.Release|Any CPU.Build.0 = Release|Any CPU
	EndGlobalSection
	GlobalSection(SolutionProperties) = preSolution
		HideSolutionNode = FALSE
	EndGlobalSection
	GlobalSection(ExtensibilityGlobals) = postSolution
		SolutionGuid = {8045AC48-E530-471E-9D86-CBF08F808D41}
	EndGlobalSection
EndGlobal
